# This file is automatically @generated by Cargo.
# It is not intended for manual editing.
version = 4

[[package]]
name = "add_binary_67"
version = "0.1.0"
dependencies = [
 "leetcode_lib",
]

[[package]]
name = "integer_to_roman_12"
version = "0.1.0"
dependencies = [
 "leetcode_lib",
]

[[package]]
name = "leetcode_lib"
version = "0.1.0"

[[package]]
name = "leetcode_rust"
version = "0.1.0"
dependencies = [
 "leetcode_lib",
]

[[package]]
name = "longest_word_in_dictionary_524"
version = "0.1.0"
dependencies = [
 "leetcode_lib",
]

[[package]]
name = "maximum_ascending_subarray_sum_1800"
version = "0.1.0"
dependencies = [
 "leetcode_lib",
]

[[package]]
name = "most_frequent_prime_3044"
version = "0.1.0"
dependencies = [
 "leetcode_lib",
]

[[package]]
name = "number_of_ways_where_square_of_number_is_equal_to_product_1577"
version = "0.1.0"
dependencies = [
 "leetcode_lib",
]

[[package]]
name = "plus_one_66"
version = "0.1.0"
dependencies = [
 "leetcode_lib",
]

[[package]]
name = "sort_array_912"
version = "0.1.0"
dependencies = [
 "leetcode_lib",
]

[[package]]
name = "sum_two_numbers"
version = "0.1.0"
dependencies = [
 "leetcode_lib",
]

[[package]]
name = "three_sum_15"
version = "0.1.0"
dependencies = [
 "leetcode_lib",
]
