# This file is automatically @generated by Cargo.
# It is not intended for manual editing.
version = 4

[[package]]
name = "add_binary_67"
version = "0.1.0"
dependencies = [
 "leetcode_lib",
]

[[package]]
name = "concatenation_of_array_1929"
version = "0.1.0"
dependencies = [
 "leetcode_lib",
]

[[package]]
name = "construct_the_minimum_bitwise_array_i_3314"
version = "0.1.0"
dependencies = [
 "leetcode_lib",
]

[[package]]
name = "coupon_code_validator_3606"
version = "0.1.0"
dependencies = [
 "leetcode_lib",
]

[[package]]
name = "find_the_duplicate_number_287"
version = "0.1.0"
dependencies = [
 "leetcode_lib",
]

[[package]]
name = "integer_to_roman_12"
version = "0.1.0"
dependencies = [
 "leetcode_lib",
]

[[package]]
name = "leetcode_lib"
version = "0.1.0"

[[package]]
name = "leetcode_rust"
version = "0.1.0"
dependencies = [
 "leetcode_lib",
]

[[package]]
name = "longest_word_in_dictionary_524"
version = "0.1.0"
dependencies = [
 "leetcode_lib",
]

[[package]]
name = "max_consecutive_ones_485"
version = "0.1.0"
dependencies = [
 "leetcode_lib",
]

[[package]]
name = "maximize_area_of_square_hole_in_grid_2943"
version = "0.1.0"
dependencies = [
 "leetcode_lib",
]

[[package]]
name = "maximum_69_number_1323"
version = "0.1.0"
dependencies = [
 "leetcode_lib",
]

[[package]]
name = "maximum_ascending_subarray_sum_1800"
version = "0.1.0"
dependencies = [
 "leetcode_lib",
]

[[package]]
name = "maximum_product_of_splitted_binary_tree_1339"
version = "0.1.0"
dependencies = [
 "leetcode_lib",
]

[[package]]
name = "maximum_square_area_by_removing_fences_from_a_field_2975"
version = "0.1.0"
dependencies = [
 "leetcode_lib",
]

[[package]]
name = "minimum_removals_to_balance_array_3634"
version = "0.1.0"
dependencies = [
 "leetcode_lib",
]

[[package]]
name = "minimum_time_visiting_all_points_1266"
version = "0.1.0"
dependencies = [
 "leetcode_lib",
]

[[package]]
name = "most_frequent_prime_3044"
version = "0.1.0"
dependencies = [
 "leetcode_lib",
]

[[package]]
name = "new_21_game_837"
version = "0.1.0"
dependencies = [
 "leetcode_lib",
]

[[package]]
name = "number_of_ways_where_square_of_number_is_equal_to_product_1577"
version = "0.1.0"
dependencies = [
 "leetcode_lib",
]

[[package]]
name = "plus_one_66"
version = "0.1.0"
dependencies = [
 "leetcode_lib",
]

[[package]]
name = "set_mismatch_645"
version = "0.1.0"
dependencies = [
 "leetcode_lib",
]

[[package]]
name = "shuffle_the_array_1470"
version = "0.1.0"
dependencies = [
 "leetcode_lib",
]

[[package]]
name = "smallest_subtree_with_all_deepest_nodes_865"
version = "0.1.0"
dependencies = [
 "leetcode_lib",
]

[[package]]
name = "sort_array_912"
version = "0.1.0"
dependencies = [
 "leetcode_lib",
]

[[package]]
name = "string_to_integer_atoi_8"
version = "0.1.0"
dependencies = [
 "leetcode_lib",
]

[[package]]
name = "sum_two_numbers"
version = "0.1.0"
dependencies = [
 "leetcode_lib",
]

[[package]]
name = "three_sum_15"
version = "0.1.0"
dependencies = [
 "leetcode_lib",
]

[[package]]
name = "trionic_array_ii_3638"
version = "0.1.0"
dependencies = [
 "leetcode_lib",
]

[[package]]
name = "ways_to_express_integer_2787"
version = "0.1.0"
dependencies = [
 "leetcode_lib",
]
